
Microsoft Visual Studio Solution File, Format Version 12.00
# Visual Studio 15
Project("{FAE04EC0-301F-11D3-BF4B-00C04F79EFBC}") = "Assembly-CSharp", "Assembly-CSharp.csproj", "{4812FACF-E59B-2419-AE7F-3F5578CAFCD6}"
EndProject
Project("{FAE04EC0-301F-11D3-BF4B-00C04F79EFBC}") = "AstarPathfindingProject", "AstarPathfindingProject.csproj", "{0716FA39-4CB8-A11A-40AF-E3334A8909F5}"
EndProject
Project("{FAE04EC0-301F-11D3-BF4B-00C04F79EFBC}") = "PackageToolsEditor", "PackageToolsEditor.csproj", "{BB964336-D978-3D1E-C90E-D388523C3073}"
EndProject
Project("{FAE04EC0-301F-11D3-BF4B-00C04F79EFBC}") = "AstarPathfindingProjectEditor", "AstarPathfindingProjectEditor.csproj", "{9E646DC8-68DD-4DC1-8FC0-7C67AF90AFD2}"
EndProject
Global
	GlobalSection(SolutionConfigurationPlatforms) = preSolution
		Debug|Any CPU = Debug|Any CPU
		Release|Any CPU = Release|Any CPU
	EndGlobalSection
	GlobalSection(ProjectConfigurationPlatforms) = postSolution
		{4812FACF-E59B-2419-AE7F-3F5578CAFCD6}.Debug|Any CPU.ActiveCfg = Debug|Any CPU
		{4812FACF-E59B-2419-AE7F-3F5578CAFCD6}.Debug|Any CPU.Build.0 = Debug|Any CPU
		{4812FACF-E59B-2419-AE7F-3F5578CAFCD6}.Release|Any CPU.ActiveCfg = Release|Any CPU
		{4812FACF-E59B-2419-AE7F-3F5578CAFCD6}.Release|Any CPU.Build.0 = Release|Any CPU
		{0716FA39-4CB8-A11A-40AF-E3334A8909F5}.Debug|Any CPU.ActiveCfg = Debug|Any CPU
		{0716FA39-4CB8-A11A-40AF-E3334A8909F5}.Debug|Any CPU.Build.0 = Debug|Any CPU
		{0716FA39-4CB8-A11A-40AF-E3334A8909F5}.Release|Any CPU.ActiveCfg = Release|Any CPU
		{0716FA39-4CB8-A11A-40AF-E3334A8909F5}.Release|Any CPU.Build.0 = Release|Any CPU
		{BB964336-D978-3D1E-C90E-D388523C3073}.Debug|Any CPU.ActiveCfg = Debug|Any CPU
		{BB964336-D978-3D1E-C90E-D388523C3073}.Debug|Any CPU.Build.0 = Debug|Any CPU
		{BB964336-D978-3D1E-C90E-D388523C3073}.Release|Any CPU.ActiveCfg = Release|Any CPU
		{BB964336-D978-3D1E-C90E-D388523C3073}.Release|Any CPU.Build.0 = Release|Any CPU
		{9E646DC8-68DD-4DC1-8FC0-7C67AF90AFD2}.Debug|Any CPU.ActiveCfg = Debug|Any CPU
		{9E646DC8-68DD-4DC1-8FC0-7C67AF90AFD2}.Debug|Any CPU.Build.0 = Debug|Any CPU
		{9E646DC8-68DD-4DC1-8FC0-7C67AF90AFD2}.Release|Any CPU.ActiveCfg = Release|Any CPU
		{9E646DC8-68DD-4DC1-8FC0-7C67AF90AFD2}.Release|Any CPU.Build.0 = Release|Any CPU
	EndGlobalSection
	GlobalSection(SolutionProperties) = preSolution
		HideSolutionNode = FALSE
	EndGlobalSection
EndGlobal
